
Microsoft Visual Studio Solution File, Format Version 12.00
# Visual Studio Version 17
VisualStudioVersion = 17.5.002.0
MinimumVisualStudioVersion = 10.0.40219.1
Project("{9A19103F-16F7-4668-BE54-9A1E7A4F7556}") = "api", "api.csproj", "{D679EAA1-65D5-4AF1-ACB5-05DBABD103CF}"
EndProject
Global
	GlobalSection(SolutionConfigurationPlatforms) = preSolution
		Debug|Any CPU = Debug|Any CPU
		Release|Any CPU = Release|Any CPU
	EndGlobalSection
	GlobalSection(ProjectConfigurationPlatforms) = postSolution
		{D679EAA1-65D5-4AF1-ACB5-05DBABD103CF}.Debug|Any CPU.ActiveCfg = Debug|Any CPU
		{D679EAA1-65D5-4AF1-ACB5-05DBABD103CF}.Debug|Any CPU.Build.0 = Debug|Any CPU
		{D679EAA1-65D5-4AF1-ACB5-05DBABD103CF}.Release|Any CPU.ActiveCfg = Release|Any CPU
		{D679EAA1-65D5-4AF1-ACB5-05DBABD103CF}.Release|Any CPU.Build.0 = Release|Any CPU
	EndGlobalSection
	GlobalSection(SolutionProperties) = preSolution
		HideSolutionNode = FALSE
	EndGlobalSection
	GlobalSection(ExtensibilityGlobals) = postSolution
		SolutionGuid = {BD2CDB73-C839-49B4-BA57-EC514C0F38B2}
	EndGlobalSection
EndGlobal
